
Microsoft Visual Studio Solution File, Format Version 12.00
# Visual Studio 15
VisualStudioVersion = 15.0.27004.2002
MinimumVisualStudioVersion = 10.0.40219.1
Project("{FAE04EC0-301F-11D3-BF4B-00C04F79EFBC}") = "ProblemFCSharp", "ProblemFCSharp\ProblemFCSharp.csproj", "{AFBCB939-5DDB-4AD4-9CB0-60F975138C67}"
EndProject
Global
	GlobalSection(SolutionConfigurationPlatforms) = preSolution
		Debug|Any CPU = Debug|Any CPU
		Release|Any CPU = Release|Any CPU
	EndGlobalSection
	GlobalSection(ProjectConfigurationPlatforms) = postSolution
		{AFBCB939-5DDB-4AD4-9CB0-60F975138C67}.Debug|Any CPU.ActiveCfg = Debug|Any CPU
		{AFBCB939-5DDB-4AD4-9CB0-60F975138C67}.Debug|Any CPU.Build.0 = Debug|Any CPU
		{AFBCB939-5DDB-4AD4-9CB0-60F975138C67}.Release|Any CPU.ActiveCfg = Release|Any CPU
		{AFBCB939-5DDB-4AD4-9CB0-60F975138C67}.Release|Any CPU.Build.0 = Release|Any CPU
	EndGlobalSection
	GlobalSection(SolutionProperties) = preSolution
		HideSolutionNode = FALSE
	EndGlobalSection
	GlobalSection(ExtensibilityGlobals) = postSolution
		SolutionGuid = {F95DFAE2-112B-4AFB-85F9-F5AFC64E40C3}
	EndGlobalSection
EndGlobal
