
Microsoft Visual Studio Solution File, Format Version 12.00
# Visual Studio 15
VisualStudioVersion = 15.0.27004.2002
MinimumVisualStudioVersion = 10.0.40219.1
Project("{FAE04EC0-301F-11D3-BF4B-00C04F79EFBC}") = "ProblemDCSharp", "ProblemDCSharp\ProblemDCSharp.csproj", "{CAC686D7-5FE1-4F6D-8A47-F64905D63E71}"
EndProject
Global
	GlobalSection(SolutionConfigurationPlatforms) = preSolution
		Debug|Any CPU = Debug|Any CPU
		Release|Any CPU = Release|Any CPU
	EndGlobalSection
	GlobalSection(ProjectConfigurationPlatforms) = postSolution
		{CAC686D7-5FE1-4F6D-8A47-F64905D63E71}.Debug|Any CPU.ActiveCfg = Debug|Any CPU
		{CAC686D7-5FE1-4F6D-8A47-F64905D63E71}.Debug|Any CPU.Build.0 = Debug|Any CPU
		{CAC686D7-5FE1-4F6D-8A47-F64905D63E71}.Release|Any CPU.ActiveCfg = Release|Any CPU
		{CAC686D7-5FE1-4F6D-8A47-F64905D63E71}.Release|Any CPU.Build.0 = Release|Any CPU
	EndGlobalSection
	GlobalSection(SolutionProperties) = preSolution
		HideSolutionNode = FALSE
	EndGlobalSection
	GlobalSection(ExtensibilityGlobals) = postSolution
		SolutionGuid = {5E8273A1-471D-47E6-A33A-D67894EF62A7}
	EndGlobalSection
EndGlobal
