
Microsoft Visual Studio Solution File, Format Version 12.00
# Visual Studio 15
VisualStudioVersion = 15.0.27004.2002
MinimumVisualStudioVersion = 10.0.40219.1
Project("{FAE04EC0-301F-11D3-BF4B-00C04F79EFBC}") = "ProblemECSharp", "ProblemECSharp\ProblemECSharp.csproj", "{33AD1645-5D56-4C21-BE2D-EE43C2F5F501}"
EndProject
Global
	GlobalSection(SolutionConfigurationPlatforms) = preSolution
		Debug|Any CPU = Debug|Any CPU
		Release|Any CPU = Release|Any CPU
	EndGlobalSection
	GlobalSection(ProjectConfigurationPlatforms) = postSolution
		{33AD1645-5D56-4C21-BE2D-EE43C2F5F501}.Debug|Any CPU.ActiveCfg = Debug|Any CPU
		{33AD1645-5D56-4C21-BE2D-EE43C2F5F501}.Debug|Any CPU.Build.0 = Debug|Any CPU
		{33AD1645-5D56-4C21-BE2D-EE43C2F5F501}.Release|Any CPU.ActiveCfg = Release|Any CPU
		{33AD1645-5D56-4C21-BE2D-EE43C2F5F501}.Release|Any CPU.Build.0 = Release|Any CPU
	EndGlobalSection
	GlobalSection(SolutionProperties) = preSolution
		HideSolutionNode = FALSE
	EndGlobalSection
	GlobalSection(ExtensibilityGlobals) = postSolution
		SolutionGuid = {4FC7ED7D-319C-4EDC-8B7D-BA00F2AD6B5A}
	EndGlobalSection
EndGlobal
